
Microsoft Visual Studio Solution File, Format Version 12.00
# Visual Studio Version 16
VisualStudioVersion = 16.0.30907.101
MinimumVisualStudioVersion = 10.0.40219.1
Project("{FAE04EC0-301F-11D3-BF4B-00C04F79EFBC}") = "Calculator", "Calculator\Calculator.csproj", "{ED574B11-C769-4DB4-8913-AF258B500650}"
EndProject
Project("{FAE04EC0-301F-11D3-BF4B-00C04F79EFBC}") = "Calculator.Test.Unit", "Calculator.Test.Unit\Calculator.Test.Unit.csproj", "{DC0BD0D0-1126-4BEE-A577-8DF34ECEEB97}"
EndProject
Global
	GlobalSection(SolutionConfigurationPlatforms) = preSolution
		Debug|Any CPU = Debug|Any CPU
		Release|Any CPU = Release|Any CPU
	EndGlobalSection
	GlobalSection(ProjectConfigurationPlatforms) = postSolution
		{ED574B11-C769-4DB4-8913-AF258B500650}.Debug|Any CPU.ActiveCfg = Debug|Any CPU
		{ED574B11-C769-4DB4-8913-AF258B500650}.Debug|Any CPU.Build.0 = Debug|Any CPU
		{ED574B11-C769-4DB4-8913-AF258B500650}.Release|Any CPU.ActiveCfg = Release|Any CPU
		{ED574B11-C769-4DB4-8913-AF258B500650}.Release|Any CPU.Build.0 = Release|Any CPU
		{DC0BD0D0-1126-4BEE-A577-8DF34ECEEB97}.Debug|Any CPU.ActiveCfg = Debug|Any CPU
		{DC0BD0D0-1126-4BEE-A577-8DF34ECEEB97}.Debug|Any CPU.Build.0 = Debug|Any CPU
		{DC0BD0D0-1126-4BEE-A577-8DF34ECEEB97}.Release|Any CPU.ActiveCfg = Release|Any CPU
		{DC0BD0D0-1126-4BEE-A577-8DF34ECEEB97}.Release|Any CPU.Build.0 = Release|Any CPU
	EndGlobalSection
	GlobalSection(SolutionProperties) = preSolution
		HideSolutionNode = FALSE
	EndGlobalSection
	GlobalSection(ExtensibilityGlobals) = postSolution
		SolutionGuid = {982BC91C-76FE-4B07-9207-DA42A11A9334}
	EndGlobalSection
EndGlobal
